
Microsoft Visual Studio Solution File, Format Version 12.00
# Visual Studio Version 17
VisualStudioVersion = 17.0.32014.148
MinimumVisualStudioVersion = 10.0.40219.1
Project("{9A19103F-16F7-4668-BE54-9A1E7A4F7556}") = "API", "API.csproj", "{B507EB7F-B535-448B-902D-762034444D10}"
EndProject
Project("{FAE04EC0-301F-11D3-BF4B-00C04F79EFBC}") = "DataAndServices", "..\Core\DataAndServices\DataAndServices.csproj", "{051C4C9A-BBE7-4907-808C-8B80C9F88C89}"
EndProject
Global
	GlobalSection(SolutionConfigurationPlatforms) = preSolution
		Debug|Any CPU = Debug|Any CPU
		Release|Any CPU = Release|Any CPU
	EndGlobalSection
	GlobalSection(ProjectConfigurationPlatforms) = postSolution
		{B507EB7F-B535-448B-902D-762034444D10}.Debug|Any CPU.ActiveCfg = Debug|Any CPU
		{B507EB7F-B535-448B-902D-762034444D10}.Debug|Any CPU.Build.0 = Debug|Any CPU
		{B507EB7F-B535-448B-902D-762034444D10}.Release|Any CPU.ActiveCfg = Debug|Any CPU
		{B507EB7F-B535-448B-902D-762034444D10}.Release|Any CPU.Build.0 = Debug|Any CPU
		{051C4C9A-BBE7-4907-808C-8B80C9F88C89}.Debug|Any CPU.ActiveCfg = Debug|Any CPU
		{051C4C9A-BBE7-4907-808C-8B80C9F88C89}.Debug|Any CPU.Build.0 = Debug|Any CPU
		{051C4C9A-BBE7-4907-808C-8B80C9F88C89}.Release|Any CPU.ActiveCfg = Debug|Any CPU
		{051C4C9A-BBE7-4907-808C-8B80C9F88C89}.Release|Any CPU.Build.0 = Debug|Any CPU
	EndGlobalSection
	GlobalSection(SolutionProperties) = preSolution
		HideSolutionNode = FALSE
	EndGlobalSection
	GlobalSection(ExtensibilityGlobals) = postSolution
		SolutionGuid = {AFD936AF-D7DB-4253-BDF4-BE912B3B94C6}
	EndGlobalSection
EndGlobal
